{
  "lockfileVersion": 1,
  "configVersion": 1,
  "workspaces": {
    "": {
      "name": "streams-dnsprobe",
      "dependencies": {
        "@prisma/compute": "latest",
      },
    },
  },
  "packages": {
    "@prisma/compute": ["@prisma/compute@0.1.0-beta.0", "", {}, "sha512-QBG/UsMcohAc5IFInVQ6bRuEFnDiBdeGRQOFmaNvBW+GmqyGJsBaGDxJ3BrUAKmrIzzapTE5RmTYCcH7gY9VwQ=="],
  }
}
